
Microsoft Visual Studio Solution File, Format Version 12.00
# Visual Studio Version 17
VisualStudioVersion = 17.3.32811.315
MinimumVisualStudioVersion = 10.0.40219.1
Project("{FAE04EC0-301F-11D3-BF4B-00C04F79EFBC}") = "p01", "p01\p01.csproj", "{3B8C010E-365D-47EF-BC69-830AF498E0C0}"
EndProject
Project("{FAE04EC0-301F-11D3-BF4B-00C04F79EFBC}") = "p02", "p02\p02.csproj", "{9BCAB37C-4FD2-4ED2-A19F-68C0DD156C51}"
EndProject
Project("{FAE04EC0-301F-11D3-BF4B-00C04F79EFBC}") = "ClassLibrary1", "ClassLibrary1\ClassLibrary1.csproj", "{EDBFF378-402F-47CA-9B1F-31B6FE15D80F}"
EndProject
Project("{FAE04EC0-301F-11D3-BF4B-00C04F79EFBC}") = "p03", "p03\p03.csproj", "{13C63D7B-2A15-4880-9513-AB5D70BF563C}"
EndProject
Project("{FAE04EC0-301F-11D3-BF4B-00C04F79EFBC}") = "p04", "p04\p04.csproj", "{F62F84C7-DBF5-4CF8-A4A7-579D70C48828}"
EndProject
Project("{FAE04EC0-301F-11D3-BF4B-00C04F79EFBC}") = "p05", "p05\p05.csproj", "{CE36FB30-40A4-4CCF-AF6C-8961134574FD}"
EndProject
Global
	GlobalSection(SolutionConfigurationPlatforms) = preSolution
		Debug|Any CPU = Debug|Any CPU
		Release|Any CPU = Release|Any CPU
	EndGlobalSection
	GlobalSection(ProjectConfigurationPlatforms) = postSolution
		{3B8C010E-365D-47EF-BC69-830AF498E0C0}.Debug|Any CPU.ActiveCfg = Debug|Any CPU
		{3B8C010E-365D-47EF-BC69-830AF498E0C0}.Debug|Any CPU.Build.0 = Debug|Any CPU
		{3B8C010E-365D-47EF-BC69-830AF498E0C0}.Release|Any CPU.ActiveCfg = Release|Any CPU
		{3B8C010E-365D-47EF-BC69-830AF498E0C0}.Release|Any CPU.Build.0 = Release|Any CPU
		{9BCAB37C-4FD2-4ED2-A19F-68C0DD156C51}.Debug|Any CPU.ActiveCfg = Debug|Any CPU
		{9BCAB37C-4FD2-4ED2-A19F-68C0DD156C51}.Debug|Any CPU.Build.0 = Debug|Any CPU
		{9BCAB37C-4FD2-4ED2-A19F-68C0DD156C51}.Release|Any CPU.ActiveCfg = Release|Any CPU
		{9BCAB37C-4FD2-4ED2-A19F-68C0DD156C51}.Release|Any CPU.Build.0 = Release|Any CPU
		{EDBFF378-402F-47CA-9B1F-31B6FE15D80F}.Debug|Any CPU.ActiveCfg = Debug|Any CPU
		{EDBFF378-402F-47CA-9B1F-31B6FE15D80F}.Debug|Any CPU.Build.0 = Debug|Any CPU
		{EDBFF378-402F-47CA-9B1F-31B6FE15D80F}.Release|Any CPU.ActiveCfg = Release|Any CPU
		{EDBFF378-402F-47CA-9B1F-31B6FE15D80F}.Release|Any CPU.Build.0 = Release|Any CPU
		{13C63D7B-2A15-4880-9513-AB5D70BF563C}.Debug|Any CPU.ActiveCfg = Debug|Any CPU
		{13C63D7B-2A15-4880-9513-AB5D70BF563C}.Debug|Any CPU.Build.0 = Debug|Any CPU
		{13C63D7B-2A15-4880-9513-AB5D70BF563C}.Release|Any CPU.ActiveCfg = Release|Any CPU
		{13C63D7B-2A15-4880-9513-AB5D70BF563C}.Release|Any CPU.Build.0 = Release|Any CPU
		{F62F84C7-DBF5-4CF8-A4A7-579D70C48828}.Debug|Any CPU.ActiveCfg = Debug|Any CPU
		{F62F84C7-DBF5-4CF8-A4A7-579D70C48828}.Debug|Any CPU.Build.0 = Debug|Any CPU
		{F62F84C7-DBF5-4CF8-A4A7-579D70C48828}.Release|Any CPU.ActiveCfg = Release|Any CPU
		{F62F84C7-DBF5-4CF8-A4A7-579D70C48828}.Release|Any CPU.Build.0 = Release|Any CPU
		{CE36FB30-40A4-4CCF-AF6C-8961134574FD}.Debug|Any CPU.ActiveCfg = Debug|Any CPU
		{CE36FB30-40A4-4CCF-AF6C-8961134574FD}.Debug|Any CPU.Build.0 = Debug|Any CPU
		{CE36FB30-40A4-4CCF-AF6C-8961134574FD}.Release|Any CPU.ActiveCfg = Release|Any CPU
		{CE36FB30-40A4-4CCF-AF6C-8961134574FD}.Release|Any CPU.Build.0 = Release|Any CPU
	EndGlobalSection
	GlobalSection(SolutionProperties) = preSolution
		HideSolutionNode = FALSE
	EndGlobalSection
	GlobalSection(ExtensibilityGlobals) = postSolution
		SolutionGuid = {1DD75905-B733-44FE-A0E9-D7755E8D00E9}
	EndGlobalSection
EndGlobal
